
Microsoft Visual Studio Solution File, Format Version 12.00
# Visual Studio Version 16
VisualStudioVersion = 16.0.29709.97
MinimumVisualStudioVersion = 10.0.40219.1
Project("{FAE04EC0-301F-11D3-BF4B-00C04F79EFBC}") = "Session2-Kazan", "Session2-Kazan\Session2-Kazan.csproj", "{70FA7D7D-8E85-40CC-8AEE-5B6A059EFA71}"
EndProject
Global
	GlobalSection(SolutionConfigurationPlatforms) = preSolution
		Debug|Any CPU = Debug|Any CPU
		Release|Any CPU = Release|Any CPU
	EndGlobalSection
	GlobalSection(ProjectConfigurationPlatforms) = postSolution
		{70FA7D7D-8E85-40CC-8AEE-5B6A059EFA71}.Debug|Any CPU.ActiveCfg = Debug|Any CPU
		{70FA7D7D-8E85-40CC-8AEE-5B6A059EFA71}.Debug|Any CPU.Build.0 = Debug|Any CPU
		{70FA7D7D-8E85-40CC-8AEE-5B6A059EFA71}.Release|Any CPU.ActiveCfg = Release|Any CPU
		{70FA7D7D-8E85-40CC-8AEE-5B6A059EFA71}.Release|Any CPU.Build.0 = Release|Any CPU
	EndGlobalSection
	GlobalSection(SolutionProperties) = preSolution
		HideSolutionNode = FALSE
	EndGlobalSection
	GlobalSection(ExtensibilityGlobals) = postSolution
		SolutionGuid = {2D015FA8-AEB6-449E-A520-BEFF209D85C5}
	EndGlobalSection
EndGlobal
